
Microsoft Visual Studio Solution File, Format Version 12.00
# Visual Studio Version 16
VisualStudioVersion = 16.0.32228.343
MinimumVisualStudioVersion = 10.0.40219.1
Project("{FAE04EC0-301F-11D3-BF4B-00C04F79EFBC}") = "mart25", "mart25\mart25.csproj", "{5393207E-0FCF-4294-95B9-A352F5EF1B69}"
EndProject
Global
	GlobalSection(SolutionConfigurationPlatforms) = preSolution
		Debug|Any CPU = Debug|Any CPU
		Release|Any CPU = Release|Any CPU
	EndGlobalSection
	GlobalSection(ProjectConfigurationPlatforms) = postSolution
		{5393207E-0FCF-4294-95B9-A352F5EF1B69}.Debug|Any CPU.ActiveCfg = Debug|Any CPU
		{5393207E-0FCF-4294-95B9-A352F5EF1B69}.Debug|Any CPU.Build.0 = Debug|Any CPU
		{5393207E-0FCF-4294-95B9-A352F5EF1B69}.Release|Any CPU.ActiveCfg = Release|Any CPU
		{5393207E-0FCF-4294-95B9-A352F5EF1B69}.Release|Any CPU.Build.0 = Release|Any CPU
	EndGlobalSection
	GlobalSection(SolutionProperties) = preSolution
		HideSolutionNode = FALSE
	EndGlobalSection
	GlobalSection(ExtensibilityGlobals) = postSolution
		SolutionGuid = {1A2051D1-0171-41EA-ABE7-67720824E63E}
	EndGlobalSection
EndGlobal
